// !$*UTF8*$!
{
	archiveVersion = 1;
	classes = {
	};
	objectVersion = 46;
	objects = {

/* Begin PBXBuildFile section */
		490F6E8F1C19D7AF00C7495F /* BackgroundViewController.swift in Sources */ = {isa = PBXBuildFile; fileRef = 490F6E8D1C19D7AF00C7495F /* BackgroundViewController.swift */; };
		490F6E901C19D7AF00C7495F /* BackgroundViewController.xib in Resources */ = {isa = PBXBuildFile; fileRef = 490F6E8E1C19D7AF00C7495F /* BackgroundViewController.xib */; };
		493A3AA91C11DFD90049E7E1 /* ARGBColorPicker.swift in Sources */ = {isa = PBXBuildFile; fileRef = 493A3AA81C11DFD90049E7E1 /* ARGBColorPicker.swift */; };
		493A3AAB1C11E0070049E7E1 /* ARGBColorPicker.xib in Resources */ = {isa = PBXBuildFile; fileRef = 493A3AAA1C11E0070049E7E1 /* ARGBColorPicker.xib */; };
		493FC3D61C0F21E9002A6965 /* PaintingBrushSettingsView.swift in Sources */ = {isa = PBXBuildFile; fileRef = 493FC3D51C0F21E9002A6965 /* PaintingBrushSettingsView.swift */; };
		4971A44F1C05F30300AA19E7 /* Board.swift in Sources */ = {isa = PBXBuildFile; fileRef = 4971A44E1C05F30300AA19E7 /* Board.swift */; };
		4971A4511C073FC000AA19E7 /* BaseBrush.swift in Sources */ = {isa = PBXBuildFile; fileRef = 4971A4501C073FC000AA19E7 /* BaseBrush.swift */; };
		4971A4551C08AE1E00AA19E7 /* PaintingBrushSettingsView.xib in Resources */ = {isa = PBXBuildFile; fileRef = 4971A4541C08AE1E00AA19E7 /* PaintingBrushSettingsView.xib */; };
		497EA6C01C05ED1600024983 /* AppDelegate.swift in Sources */ = {isa = PBXBuildFile; fileRef = 497EA6BF1C05ED1600024983 /* AppDelegate.swift */; };
		497EA6C21C05ED1600024983 /* ViewController.swift in Sources */ = {isa = PBXBuildFile; fileRef = 497EA6C11C05ED1600024983 /* ViewController.swift */; };
		497EA6C51C05ED1600024983 /* Main.storyboard in Resources */ = {isa = PBXBuildFile; fileRef = 497EA6C31C05ED1600024983 /* Main.storyboard */; };
		497EA6C71C05ED1600024983 /* Assets.xcassets in Resources */ = {isa = PBXBuildFile; fileRef = 497EA6C61C05ED1600024983 /* Assets.xcassets */; };
		497EA6CA1C05ED1600024983 /* LaunchScreen.storyboard in Resources */ = {isa = PBXBuildFile; fileRef = 497EA6C81C05ED1600024983 /* LaunchScreen.storyboard */; };
/* End PBXBuildFile section */

/* Begin PBXFileReference section */
		490F6E8D1C19D7AF00C7495F /* BackgroundViewController.swift */ = {isa = PBXFileReference; fileEncoding = 4; lastKnownFileType = sourcecode.swift; path = BackgroundViewController.swift; sourceTree = "<group>"; };
		490F6E8E1C19D7AF00C7495F /* BackgroundViewController.xib */ = {isa = PBXFileReference; fileEncoding = 4; lastKnownFileType = file.xib; path = BackgroundViewController.xib; sourceTree = "<group>"; };
		493A3AA81C11DFD90049E7E1 /* ARGBColorPicker.swift */ = {isa = PBXFileReference; fileEncoding = 4; lastKnownFileType = sourcecode.swift; path = ARGBColorPicker.swift; sourceTree = "<group>"; };
		493A3AAA1C11E0070049E7E1 /* ARGBColorPicker.xib */ = {isa = PBXFileReference; fileEncoding = 4; lastKnownFileType = file.xib; path = ARGBColorPicker.xib; sourceTree = "<group>"; };
		493FC3D51C0F21E9002A6965 /* PaintingBrushSettingsView.swift */ = {isa = PBXFileReference; fileEncoding = 4; lastKnownFileType = sourcecode.swift; path = PaintingBrushSettingsView.swift; sourceTree = "<group>"; };
		4971A44E1C05F30300AA19E7 /* Board.swift */ = {isa = PBXFileReference; fileEncoding = 4; lastKnownFileType = sourcecode.swift; path = Board.swift; sourceTree = "<group>"; };
		4971A4501C073FC000AA19E7 /* BaseBrush.swift */ = {isa = PBXFileReference; fileEncoding = 4; lastKnownFileType = sourcecode.swift; path = BaseBrush.swift; sourceTree = "<group>"; };
		4971A4541C08AE1E00AA19E7 /* PaintingBrushSettingsView.xib */ = {isa = PBXFileReference; fileEncoding = 4; lastKnownFileType = file.xib; path = PaintingBrushSettingsView.xib; sourceTree = "<group>"; };
		497EA6BC1C05ED1600024983 /* DrawingBoard.app */ = {isa = PBXFileReference; explicitFileType = wrapper.application; includeInIndex = 0; path = DrawingBoard.app; sourceTree = BUILT_PRODUCTS_DIR; };
		497EA6BF1C05ED1600024983 /* AppDelegate.swift */ = {isa = PBXFileReference; lastKnownFileType = sourcecode.swift; path = AppDelegate.swift; sourceTree = "<group>"; };
		497EA6C11C05ED1600024983 /* ViewController.swift */ = {isa = PBXFileReference; lastKnownFileType = sourcecode.swift; path = ViewController.swift; sourceTree = "<group>"; };
		497EA6C41C05ED1600024983 /* Base */ = {isa = PBXFileReference; lastKnownFileType = file.storyboard; name = Base; path = Base.lproj/Main.storyboard; sourceTree = "<group>"; };
		497EA6C61C05ED1600024983 /* Assets.xcassets */ = {isa = PBXFileReference; lastKnownFileType = folder.assetcatalog; path = Assets.xcassets; sourceTree = "<group>"; };
		497EA6C91C05ED1600024983 /* Base */ = {isa = PBXFileReference; lastKnownFileType = file.storyboard; name = Base; path = Base.lproj/LaunchScreen.storyboard; sourceTree = "<group>"; };
		497EA6CB1C05ED1600024983 /* Info.plist */ = {isa = PBXFileReference; lastKnownFileType = text.plist.xml; path = Info.plist; sourceTree = "<group>"; };
/* End PBXFileReference section */

/* Begin PBXFrameworksBuildPhase section */
		497EA6B91C05ED1600024983 /* Frameworks */ = {
			isa = PBXFrameworksBuildPhase;
			buildActionMask = 2147483647;
			files = (
			);
			runOnlyForDeploymentPostprocessing = 0;
		};
/* End PBXFrameworksBuildPhase section */

/* Begin PBXGroup section */
		497EA6B31C05ED1600024983 = {
			isa = PBXGroup;
			children = (
				497EA6BE1C05ED1600024983 /* DrawingBoard */,
				497EA6BD1C05ED1600024983 /* Products */,
			);
			sourceTree = "<group>";
		};
		497EA6BD1C05ED1600024983 /* Products */ = {
			isa = PBXGroup;
			children = (
				497EA6BC1C05ED1600024983 /* DrawingBoard.app */,
			);
			name = Products;
			sourceTree = "<group>";
		};
		497EA6BE1C05ED1600024983 /* DrawingBoard */ = {
			isa = PBXGroup;
			children = (
				497EA6BF1C05ED1600024983 /* AppDelegate.swift */,
				493A3AA81C11DFD90049E7E1 /* ARGBColorPicker.swift */,
				493A3AAA1C11E0070049E7E1 /* ARGBColorPicker.xib */,
				497EA6C61C05ED1600024983 /* Assets.xcassets */,
				490F6E8D1C19D7AF00C7495F /* BackgroundViewController.swift */,
				490F6E8E1C19D7AF00C7495F /* BackgroundViewController.xib */,
				4971A4501C073FC000AA19E7 /* BaseBrush.swift */,
				4971A44E1C05F30300AA19E7 /* Board.swift */,
				497EA6CB1C05ED1600024983 /* Info.plist */,
				497EA6C81C05ED1600024983 /* LaunchScreen.storyboard */,
				497EA6C31C05ED1600024983 /* Main.storyboard */,
				493FC3D51C0F21E9002A6965 /* PaintingBrushSettingsView.swift */,
				4971A4541C08AE1E00AA19E7 /* PaintingBrushSettingsView.xib */,
				497EA6C11C05ED1600024983 /* ViewController.swift */,
			);
			path = DrawingBoard;
			sourceTree = "<group>";
		};
/* End PBXGroup section */

/* Begin PBXNativeTarget section */
		497EA6BB1C05ED1600024983 /* DrawingBoard */ = {
			isa = PBXNativeTarget;
			buildConfigurationList = 497EA6CE1C05ED1600024983 /* Build configuration list for PBXNativeTarget "DrawingBoard" */;
			buildPhases = (
				497EA6B81C05ED1600024983 /* Sources */,
				497EA6B91C05ED1600024983 /* Frameworks */,
				497EA6BA1C05ED1600024983 /* Resources */,
			);
			buildRules = (
			);
			dependencies = (
			);
			name = DrawingBoard;
			productName = DrawingBoard;
			productReference = 497EA6BC1C05ED1600024983 /* DrawingBoard.app */;
			productType = "com.apple.product-type.application";
		};
/* End PBXNativeTarget section */

/* Begin PBXProject section */
		497EA6B41C05ED1600024983 /* Project object */ = {
			isa = PBXProject;
			attributes = {
				LastSwiftUpdateCheck = 0710;
				LastUpgradeCheck = 0710;
				ORGANIZATIONNAME = jiangchao;
				TargetAttributes = {
					497EA6BB1C05ED1600024983 = {
						CreatedOnToolsVersion = 7.1.1;
					};
				};
			};
			buildConfigurationList = 497EA6B71C05ED1600024983 /* Build configuration list for PBXProject "DrawingBoard" */;
			compatibilityVersion = "Xcode 3.2";
			developmentRegion = English;
			hasScannedForEncodings = 0;
			knownRegions = (
				en,
				Base,
			);
			mainGroup = 497EA6B31C05ED1600024983;
			productRefGroup = 497EA6BD1C05ED1600024983 /* Products */;
			projectDirPath = "";
			projectRoot = "";
			targets = (
				497EA6BB1C05ED1600024983 /* DrawingBoard */,
			);
		};
/* End PBXProject section */

/* Begin PBXResourcesBuildPhase section */
		497EA6BA1C05ED1600024983 /* Resources */ = {
			isa = PBXResourcesBuildPhase;
			buildActionMask = 2147483647;
			files = (
				4971A4551C08AE1E00AA19E7 /* PaintingBrushSettingsView.xib in Resources */,
				497EA6CA1C05ED1600024983 /* LaunchScreen.storyboard in Resources */,
				497EA6C71C05ED1600024983 /* Assets.xcassets in Resources */,
				497EA6C51C05ED1600024983 /* Main.storyboard in Resources */,
				490F6E901C19D7AF00C7495F /* BackgroundViewController.xib in Resources */,
				493A3AAB1C11E0070049E7E1 /* ARGBColorPicker.xib in Resources */,
			);
			runOnlyForDeploymentPostprocessing = 0;
		};
/* End PBXResourcesBuildPhase section */

/* Begin PBXSourcesBuildPhase section */
		497EA6B81C05ED1600024983 /* Sources */ = {
			isa = PBXSourcesBuildPhase;
			buildActionMask = 2147483647;
			files = (
				493A3AA91C11DFD90049E7E1 /* ARGBColorPicker.swift in Sources */,
				497EA6C21C05ED1600024983 /* ViewController.swift in Sources */,
				4971A4511C073FC000AA19E7 /* BaseBrush.swift in Sources */,
				493FC3D61C0F21E9002A6965 /* PaintingBrushSettingsView.swift in Sources */,
				497EA6C01C05ED1600024983 /* AppDelegate.swift in Sources */,
				490F6E8F1C19D7AF00C7495F /* BackgroundViewController.swift in Sources */,
				4971A44F1C05F30300AA19E7 /* Board.swift in Sources */,
			);
			runOnlyForDeploymentPostprocessing = 0;
		};
/* End PBXSourcesBuildPhase section */

/* Begin PBXVariantGroup section */
		497EA6C31C05ED1600024983 /* Main.storyboard */ = {
			isa = PBXVariantGroup;
			children = (
				497EA6C41C05ED1600024983 /* Base */,
			);
			name = Main.storyboard;
			sourceTree = "<group>";
		};
		497EA6C81C05ED1600024983 /* LaunchScreen.storyboard */ = {
			isa = PBXVariantGroup;
			children = (
				497EA6C91C05ED1600024983 /* Base */,
			);
			name = LaunchScreen.storyboard;
			sourceTree = "<group>";
		};
/* End PBXVariantGroup section */

/* Begin XCBuildConfiguration section */
		497EA6CC1C05ED1600024983 /* Debug */ = {
			isa = XCBuildConfiguration;
			buildSettings = {
				ALWAYS_SEARCH_USER_PATHS = NO;
				CLANG_CXX_LANGUAGE_STANDARD = "gnu++0x";
				CLANG_CXX_LIBRARY = "libc++";
				CLANG_ENABLE_MODULES = YES;
				CLANG_ENABLE_OBJC_ARC = YES;
				CLANG_WARN_BOOL_CONVERSION = YES;
				CLANG_WARN_CONSTANT_CONVERSION = YES;
				CLANG_WARN_DIRECT_OBJC_ISA_USAGE = YES_ERROR;
				CLANG_WARN_EMPTY_BODY = YES;
				CLANG_WARN_ENUM_CONVERSION = YES;
				CLANG_WARN_INT_CONVERSION = YES;
				CLANG_WARN_OBJC_ROOT_CLASS = YES_ERROR;
				CLANG_WARN_UNREACHABLE_CODE = YES;
				CLANG_WARN__DUPLICATE_METHOD_MATCH = YES;
				"CODE_SIGN_IDENTITY[sdk=iphoneos*]" = "iPhone Developer";
				COPY_PHASE_STRIP = NO;
				DEBUG_INFORMATION_FORMAT = dwarf;
				ENABLE_STRICT_OBJC_MSGSEND = YES;
				ENABLE_TESTABILITY = YES;
				GCC_C_LANGUAGE_STANDARD = gnu99;
				GCC_DYNAMIC_NO_PIC = NO;
				GCC_NO_COMMON_BLOCKS = YES;
				GCC_OPTIMIZATION_LEVEL = 0;
				GCC_PREPROCESSOR_DEFINITIONS = (
					"DEBUG=1",
					"$(inherited)",
				);
				GCC_WARN_64_TO_32_BIT_CONVERSION = YES;
				GCC_WARN_ABOUT_RETURN_TYPE = YES_ERROR;
				GCC_WARN_UNDECLARED_SELECTOR = YES;
				GCC_WARN_UNINITIALIZED_AUTOS = YES_AGGRESSIVE;
				GCC_WARN_UNUSED_FUNCTION = YES;
				GCC_WARN_UNUSED_VARIABLE = YES;
				IPHONEOS_DEPLOYMENT_TARGET = 9.1;
				MTL_ENABLE_DEBUG_INFO = YES;
				ONLY_ACTIVE_ARCH = YES;
				SDKROOT = iphoneos;
				SWIFT_OPTIMIZATION_LEVEL = "-Onone";
				TARGETED_DEVICE_FAMILY = "1,2";
			};
			name = Debug;
		};
		497EA6CD1C05ED1600024983 /* Release */ = {
			isa = XCBuildConfiguration;
			buildSettings = {
				ALWAYS_SEARCH_USER_PATHS = NO;
				CLANG_CXX_LANGUAGE_STANDARD = "gnu++0x";
				CLANG_CXX_LIBRARY = "libc++";
				CLANG_ENABLE_MODULES = YES;
				CLANG_ENABLE_OBJC_ARC = YES;
				CLANG_WARN_BOOL_CONVERSION = YES;
				CLANG_WARN_CONSTANT_CONVERSION = YES;
				CLANG_WARN_DIRECT_OBJC_ISA_USAGE = YES_ERROR;
				CLANG_WARN_EMPTY_BODY = YES;
				CLANG_WARN_ENUM_CONVERSION = YES;
				CLANG_WARN_INT_CONVERSION = YES;
				CLANG_WARN_OBJC_ROOT_CLASS = YES_ERROR;
				CLANG_WARN_UNREACHABLE_CODE = YES;
				CLANG_WARN__DUPLICATE_METHOD_MATCH = YES;
				"CODE_SIGN_IDENTITY[sdk=iphoneos*]" = "iPhone Developer";
				COPY_PHASE_STRIP = NO;
				DEBUG_INFORMATION_FORMAT = "dwarf-with-dsym";
				ENABLE_NS_ASSERTIONS = NO;
				ENABLE_STRICT_OBJC_MSGSEND = YES;
				GCC_C_LANGUAGE_STANDARD = gnu99;
				GCC_NO_COMMON_BLOCKS = YES;
				GCC_WARN_64_TO_32_BIT_CONVERSION = YES;
				GCC_WARN_ABOUT_RETURN_TYPE = YES_ERROR;
				GCC_WARN_UNDECLARED_SELECTOR = YES;
				GCC_WARN_UNINITIALIZED_AUTOS = YES_AGGRESSIVE;
				GCC_WARN_UNUSED_FUNCTION = YES;
				GCC_WARN_UNUSED_VARIABLE = YES;
				IPHONEOS_DEPLOYMENT_TARGET = 9.1;
				MTL_ENABLE_DEBUG_INFO = NO;
				SDKROOT = iphoneos;
				TARGETED_DEVICE_FAMILY = "1,2";
				VALIDATE_PRODUCT = YES;
			};
			name = Release;
		};
		497EA6CF1C05ED1600024983 /* Debug */ = {
			isa = XCBuildConfiguration;
			buildSettings = {
				ASSETCATALOG_COMPILER_APPICON_NAME = AppIcon;
				INFOPLIST_FILE = DrawingBoard/Info.plist;
				LD_RUNPATH_SEARCH_PATHS = "$(inherited) @executable_path/Frameworks";
				PRODUCT_BUNDLE_IDENTIFIER = VEEX.DrawingBoard;
				PRODUCT_NAME = "$(TARGET_NAME)";
			};
			name = Debug;
		};
		497EA6D01C05ED1600024983 /* Release */ = {
			isa = XCBuildConfiguration;
			buildSettings = {
				ASSETCATALOG_COMPILER_APPICON_NAME = AppIcon;
				INFOPLIST_FILE = DrawingBoard/Info.plist;
				LD_RUNPATH_SEARCH_PATHS = "$(inherited) @executable_path/Frameworks";
				PRODUCT_BUNDLE_IDENTIFIER = VEEX.DrawingBoard;
				PRODUCT_NAME = "$(TARGET_NAME)";
			};
			name = Release;
		};
/* End XCBuildConfiguration section */

/* Begin XCConfigurationList section */
		497EA6B71C05ED1600024983 /* Build configuration list for PBXProject "DrawingBoard" */ = {
			isa = XCConfigurationList;
			buildConfigurations = (
				497EA6CC1C05ED1600024983 /* Debug */,
				497EA6CD1C05ED1600024983 /* Release */,
			);
			defaultConfigurationIsVisible = 0;
			defaultConfigurationName = Release;
		};
		497EA6CE1C05ED1600024983 /* Build configuration list for PBXNativeTarget "DrawingBoard" */ = {
			isa = XCConfigurationList;
			buildConfigurations = (
				497EA6CF1C05ED1600024983 /* Debug */,
				497EA6D01C05ED1600024983 /* Release */,
			);
			defaultConfigurationIsVisible = 0;
			defaultConfigurationName = Release;
		};
/* End XCConfigurationList section */
	};
	rootObject = 497EA6B41C05ED1600024983 /* Project object */;
}
