// !$*UTF8*$!
{
	archiveVersion = 1;
	classes = {
	};
	objectVersion = 46;
	objects = {

/* Begin PBXBuildFile section */
		4930C82D1C22E2ED00EF447D /* ARGBColorPicker.swift in Sources */ = {isa = PBXBuildFile; fileRef = 4930C82B1C22E2ED00EF447D /* ARGBColorPicker.swift */; };
		4930C82E1C22E2ED00EF447D /* ARGBColorPicker.xib in Resources */ = {isa = PBXBuildFile; fileRef = 4930C82C1C22E2ED00EF447D /* ARGBColorPicker.xib */; };
		4930C8311C22E4CF00EF447D /* PaintingBrushSettingView.swift in Sources */ = {isa = PBXBuildFile; fileRef = 4930C8301C22E4CF00EF447D /* PaintingBrushSettingView.swift */; };
		4930C8331C22E4FA00EF447D /* PaintingBrushSettingView.xib in Resources */ = {isa = PBXBuildFile; fileRef = 4930C8321C22E4FA00EF447D /* PaintingBrushSettingView.xib */; };
		49ED87C91C2194A7007FEE6F /* AppDelegate.swift in Sources */ = {isa = PBXBuildFile; fileRef = 49ED87C81C2194A7007FEE6F /* AppDelegate.swift */; };
		49ED87CB1C2194A7007FEE6F /* ViewController.swift in Sources */ = {isa = PBXBuildFile; fileRef = 49ED87CA1C2194A7007FEE6F /* ViewController.swift */; };
		49ED87CE1C2194A7007FEE6F /* Main.storyboard in Resources */ = {isa = PBXBuildFile; fileRef = 49ED87CC1C2194A7007FEE6F /* Main.storyboard */; };
		49ED87D01C2194A7007FEE6F /* Assets.xcassets in Resources */ = {isa = PBXBuildFile; fileRef = 49ED87CF1C2194A7007FEE6F /* Assets.xcassets */; };
		49ED87D31C2194A7007FEE6F /* LaunchScreen.storyboard in Resources */ = {isa = PBXBuildFile; fileRef = 49ED87D11C2194A7007FEE6F /* LaunchScreen.storyboard */; };
		49ED87DC1C21B00E007FEE6F /* Board.swift in Sources */ = {isa = PBXBuildFile; fileRef = 49ED87DB1C21B00E007FEE6F /* Board.swift */; };
		49ED87DE1C21B322007FEE6F /* BaseBrush.swift in Sources */ = {isa = PBXBuildFile; fileRef = 49ED87DD1C21B322007FEE6F /* BaseBrush.swift */; };
		49ED87E11C21BB46007FEE6F /* PencilBrush.swift in Sources */ = {isa = PBXBuildFile; fileRef = 49ED87E01C21BB46007FEE6F /* PencilBrush.swift */; };
		49ED87E31C21BDA6007FEE6F /* LineBrush.swift in Sources */ = {isa = PBXBuildFile; fileRef = 49ED87E21C21BDA6007FEE6F /* LineBrush.swift */; };
		49ED87E51C21BDF8007FEE6F /* DashLineBrush.swift in Sources */ = {isa = PBXBuildFile; fileRef = 49ED87E41C21BDF8007FEE6F /* DashLineBrush.swift */; };
		49ED87E71C21BE90007FEE6F /* RectangleBrush.swift in Sources */ = {isa = PBXBuildFile; fileRef = 49ED87E61C21BE90007FEE6F /* RectangleBrush.swift */; };
		49ED87E91C21BF9B007FEE6F /* EllipseBrush.swift in Sources */ = {isa = PBXBuildFile; fileRef = 49ED87E81C21BF9B007FEE6F /* EllipseBrush.swift */; };
		49ED87EB1C21C059007FEE6F /* EraserBrush.swift in Sources */ = {isa = PBXBuildFile; fileRef = 49ED87EA1C21C059007FEE6F /* EraserBrush.swift */; };
/* End PBXBuildFile section */

/* Begin PBXFileReference section */
		4930C82B1C22E2ED00EF447D /* ARGBColorPicker.swift */ = {isa = PBXFileReference; fileEncoding = 4; lastKnownFileType = sourcecode.swift; path = ARGBColorPicker.swift; sourceTree = "<group>"; };
		4930C82C1C22E2ED00EF447D /* ARGBColorPicker.xib */ = {isa = PBXFileReference; fileEncoding = 4; lastKnownFileType = file.xib; path = ARGBColorPicker.xib; sourceTree = "<group>"; };
		4930C8301C22E4CF00EF447D /* PaintingBrushSettingView.swift */ = {isa = PBXFileReference; fileEncoding = 4; lastKnownFileType = sourcecode.swift; path = PaintingBrushSettingView.swift; sourceTree = "<group>"; };
		4930C8321C22E4FA00EF447D /* PaintingBrushSettingView.xib */ = {isa = PBXFileReference; fileEncoding = 4; lastKnownFileType = file.xib; path = PaintingBrushSettingView.xib; sourceTree = "<group>"; };
		49ED87C51C2194A7007FEE6F /* DrawingBoard.app */ = {isa = PBXFileReference; explicitFileType = wrapper.application; includeInIndex = 0; path = DrawingBoard.app; sourceTree = BUILT_PRODUCTS_DIR; };
		49ED87C81C2194A7007FEE6F /* AppDelegate.swift */ = {isa = PBXFileReference; lastKnownFileType = sourcecode.swift; path = AppDelegate.swift; sourceTree = "<group>"; };
		49ED87CA1C2194A7007FEE6F /* ViewController.swift */ = {isa = PBXFileReference; lastKnownFileType = sourcecode.swift; path = ViewController.swift; sourceTree = "<group>"; };
		49ED87CD1C2194A7007FEE6F /* Base */ = {isa = PBXFileReference; lastKnownFileType = file.storyboard; name = Base; path = Base.lproj/Main.storyboard; sourceTree = "<group>"; };
		49ED87CF1C2194A7007FEE6F /* Assets.xcassets */ = {isa = PBXFileReference; lastKnownFileType = folder.assetcatalog; path = Assets.xcassets; sourceTree = "<group>"; };
		49ED87D21C2194A7007FEE6F /* Base */ = {isa = PBXFileReference; lastKnownFileType = file.storyboard; name = Base; path = Base.lproj/LaunchScreen.storyboard; sourceTree = "<group>"; };
		49ED87D41C2194A7007FEE6F /* Info.plist */ = {isa = PBXFileReference; lastKnownFileType = text.plist.xml; path = Info.plist; sourceTree = "<group>"; };
		49ED87DB1C21B00E007FEE6F /* Board.swift */ = {isa = PBXFileReference; fileEncoding = 4; lastKnownFileType = sourcecode.swift; path = Board.swift; sourceTree = "<group>"; };
		49ED87DD1C21B322007FEE6F /* BaseBrush.swift */ = {isa = PBXFileReference; fileEncoding = 4; lastKnownFileType = sourcecode.swift; path = BaseBrush.swift; sourceTree = "<group>"; };
		49ED87E01C21BB46007FEE6F /* PencilBrush.swift */ = {isa = PBXFileReference; fileEncoding = 4; lastKnownFileType = sourcecode.swift; path = PencilBrush.swift; sourceTree = "<group>"; };
		49ED87E21C21BDA6007FEE6F /* LineBrush.swift */ = {isa = PBXFileReference; fileEncoding = 4; lastKnownFileType = sourcecode.swift; path = LineBrush.swift; sourceTree = "<group>"; };
		49ED87E41C21BDF8007FEE6F /* DashLineBrush.swift */ = {isa = PBXFileReference; fileEncoding = 4; lastKnownFileType = sourcecode.swift; path = DashLineBrush.swift; sourceTree = "<group>"; };
		49ED87E61C21BE90007FEE6F /* RectangleBrush.swift */ = {isa = PBXFileReference; fileEncoding = 4; lastKnownFileType = sourcecode.swift; path = RectangleBrush.swift; sourceTree = "<group>"; };
		49ED87E81C21BF9B007FEE6F /* EllipseBrush.swift */ = {isa = PBXFileReference; fileEncoding = 4; lastKnownFileType = sourcecode.swift; path = EllipseBrush.swift; sourceTree = "<group>"; };
		49ED87EA1C21C059007FEE6F /* EraserBrush.swift */ = {isa = PBXFileReference; fileEncoding = 4; lastKnownFileType = sourcecode.swift; path = EraserBrush.swift; sourceTree = "<group>"; };
/* End PBXFileReference section */

/* Begin PBXFrameworksBuildPhase section */
		49ED87C21C2194A7007FEE6F /* Frameworks */ = {
			isa = PBXFrameworksBuildPhase;
			buildActionMask = 2147483647;
			files = (
			);
			runOnlyForDeploymentPostprocessing = 0;
		};
/* End PBXFrameworksBuildPhase section */

/* Begin PBXGroup section */
		4930C82A1C22E2C600EF447D /* ARGBColorPicker */ = {
			isa = PBXGroup;
			children = (
				4930C82B1C22E2ED00EF447D /* ARGBColorPicker.swift */,
				4930C82C1C22E2ED00EF447D /* ARGBColorPicker.xib */,
			);
			path = ARGBColorPicker;
			sourceTree = "<group>";
		};
		4930C82F1C22E4A600EF447D /* PaintingBrushSetting */ = {
			isa = PBXGroup;
			children = (
				4930C8301C22E4CF00EF447D /* PaintingBrushSettingView.swift */,
				4930C8321C22E4FA00EF447D /* PaintingBrushSettingView.xib */,
			);
			path = PaintingBrushSetting;
			sourceTree = "<group>";
		};
		49ED87BC1C2194A7007FEE6F = {
			isa = PBXGroup;
			children = (
				49ED87C71C2194A7007FEE6F /* DrawingBoard */,
				49ED87C61C2194A7007FEE6F /* Products */,
			);
			sourceTree = "<group>";
		};
		49ED87C61C2194A7007FEE6F /* Products */ = {
			isa = PBXGroup;
			children = (
				49ED87C51C2194A7007FEE6F /* DrawingBoard.app */,
			);
			name = Products;
			sourceTree = "<group>";
		};
		49ED87C71C2194A7007FEE6F /* DrawingBoard */ = {
			isa = PBXGroup;
			children = (
				49ED87C81C2194A7007FEE6F /* AppDelegate.swift */,
				4930C82A1C22E2C600EF447D /* ARGBColorPicker */,
				49ED87CF1C2194A7007FEE6F /* Assets.xcassets */,
				49ED87DA1C21AFAF007FEE6F /* Board */,
				49ED87DF1C21BB07007FEE6F /* Brushs */,
				49ED87D41C2194A7007FEE6F /* Info.plist */,
				49ED87D11C2194A7007FEE6F /* LaunchScreen.storyboard */,
				49ED87CC1C2194A7007FEE6F /* Main.storyboard */,
				4930C82F1C22E4A600EF447D /* PaintingBrushSetting */,
				49ED87CA1C2194A7007FEE6F /* ViewController.swift */,
			);
			path = DrawingBoard;
			sourceTree = "<group>";
		};
		49ED87DA1C21AFAF007FEE6F /* Board */ = {
			isa = PBXGroup;
			children = (
				49ED87DB1C21B00E007FEE6F /* Board.swift */,
				49ED87DD1C21B322007FEE6F /* BaseBrush.swift */,
			);
			path = Board;
			sourceTree = "<group>";
		};
		49ED87DF1C21BB07007FEE6F /* Brushs */ = {
			isa = PBXGroup;
			children = (
				49ED87E01C21BB46007FEE6F /* PencilBrush.swift */,
				49ED87E21C21BDA6007FEE6F /* LineBrush.swift */,
				49ED87E41C21BDF8007FEE6F /* DashLineBrush.swift */,
				49ED87E61C21BE90007FEE6F /* RectangleBrush.swift */,
				49ED87E81C21BF9B007FEE6F /* EllipseBrush.swift */,
				49ED87EA1C21C059007FEE6F /* EraserBrush.swift */,
			);
			path = Brushs;
			sourceTree = "<group>";
		};
/* End PBXGroup section */

/* Begin PBXNativeTarget section */
		49ED87C41C2194A7007FEE6F /* DrawingBoard */ = {
			isa = PBXNativeTarget;
			buildConfigurationList = 49ED87D71C2194A7007FEE6F /* Build configuration list for PBXNativeTarget "DrawingBoard" */;
			buildPhases = (
				49ED87C11C2194A7007FEE6F /* Sources */,
				49ED87C21C2194A7007FEE6F /* Frameworks */,
				49ED87C31C2194A7007FEE6F /* Resources */,
			);
			buildRules = (
			);
			dependencies = (
			);
			name = DrawingBoard;
			productName = DrawingBoard;
			productReference = 49ED87C51C2194A7007FEE6F /* DrawingBoard.app */;
			productType = "com.apple.product-type.application";
		};
/* End PBXNativeTarget section */

/* Begin PBXProject section */
		49ED87BD1C2194A7007FEE6F /* Project object */ = {
			isa = PBXProject;
			attributes = {
				LastSwiftUpdateCheck = 0720;
				LastUpgradeCheck = 0720;
				ORGANIZATIONNAME = jiangchao;
				TargetAttributes = {
					49ED87C41C2194A7007FEE6F = {
						CreatedOnToolsVersion = 7.2;
					};
				};
			};
			buildConfigurationList = 49ED87C01C2194A7007FEE6F /* Build configuration list for PBXProject "DrawingBoard" */;
			compatibilityVersion = "Xcode 3.2";
			developmentRegion = English;
			hasScannedForEncodings = 0;
			knownRegions = (
				en,
				Base,
			);
			mainGroup = 49ED87BC1C2194A7007FEE6F;
			productRefGroup = 49ED87C61C2194A7007FEE6F /* Products */;
			projectDirPath = "";
			projectRoot = "";
			targets = (
				49ED87C41C2194A7007FEE6F /* DrawingBoard */,
			);
		};
/* End PBXProject section */

/* Begin PBXResourcesBuildPhase section */
		49ED87C31C2194A7007FEE6F /* Resources */ = {
			isa = PBXResourcesBuildPhase;
			buildActionMask = 2147483647;
			files = (
				49ED87D31C2194A7007FEE6F /* LaunchScreen.storyboard in Resources */,
				4930C82E1C22E2ED00EF447D /* ARGBColorPicker.xib in Resources */,
				49ED87D01C2194A7007FEE6F /* Assets.xcassets in Resources */,
				49ED87CE1C2194A7007FEE6F /* Main.storyboard in Resources */,
				4930C8331C22E4FA00EF447D /* PaintingBrushSettingView.xib in Resources */,
			);
			runOnlyForDeploymentPostprocessing = 0;
		};
/* End PBXResourcesBuildPhase section */

/* Begin PBXSourcesBuildPhase section */
		49ED87C11C2194A7007FEE6F /* Sources */ = {
			isa = PBXSourcesBuildPhase;
			buildActionMask = 2147483647;
			files = (
				4930C8311C22E4CF00EF447D /* PaintingBrushSettingView.swift in Sources */,
				49ED87EB1C21C059007FEE6F /* EraserBrush.swift in Sources */,
				49ED87E71C21BE90007FEE6F /* RectangleBrush.swift in Sources */,
				49ED87E11C21BB46007FEE6F /* PencilBrush.swift in Sources */,
				49ED87CB1C2194A7007FEE6F /* ViewController.swift in Sources */,
				49ED87DE1C21B322007FEE6F /* BaseBrush.swift in Sources */,
				4930C82D1C22E2ED00EF447D /* ARGBColorPicker.swift in Sources */,
				49ED87E51C21BDF8007FEE6F /* DashLineBrush.swift in Sources */,
				49ED87C91C2194A7007FEE6F /* AppDelegate.swift in Sources */,
				49ED87E91C21BF9B007FEE6F /* EllipseBrush.swift in Sources */,
				49ED87E31C21BDA6007FEE6F /* LineBrush.swift in Sources */,
				49ED87DC1C21B00E007FEE6F /* Board.swift in Sources */,
			);
			runOnlyForDeploymentPostprocessing = 0;
		};
/* End PBXSourcesBuildPhase section */

/* Begin PBXVariantGroup section */
		49ED87CC1C2194A7007FEE6F /* Main.storyboard */ = {
			isa = PBXVariantGroup;
			children = (
				49ED87CD1C2194A7007FEE6F /* Base */,
			);
			name = Main.storyboard;
			sourceTree = "<group>";
		};
		49ED87D11C2194A7007FEE6F /* LaunchScreen.storyboard */ = {
			isa = PBXVariantGroup;
			children = (
				49ED87D21C2194A7007FEE6F /* Base */,
			);
			name = LaunchScreen.storyboard;
			sourceTree = "<group>";
		};
/* End PBXVariantGroup section */

/* Begin XCBuildConfiguration section */
		49ED87D51C2194A7007FEE6F /* Debug */ = {
			isa = XCBuildConfiguration;
			buildSettings = {
				ALWAYS_SEARCH_USER_PATHS = NO;
				CLANG_CXX_LANGUAGE_STANDARD = "gnu++0x";
				CLANG_CXX_LIBRARY = "libc++";
				CLANG_ENABLE_MODULES = YES;
				CLANG_ENABLE_OBJC_ARC = YES;
				CLANG_WARN_BOOL_CONVERSION = YES;
				CLANG_WARN_CONSTANT_CONVERSION = YES;
				CLANG_WARN_DIRECT_OBJC_ISA_USAGE = YES_ERROR;
				CLANG_WARN_EMPTY_BODY = YES;
				CLANG_WARN_ENUM_CONVERSION = YES;
				CLANG_WARN_INT_CONVERSION = YES;
				CLANG_WARN_OBJC_ROOT_CLASS = YES_ERROR;
				CLANG_WARN_UNREACHABLE_CODE = YES;
				CLANG_WARN__DUPLICATE_METHOD_MATCH = YES;
				"CODE_SIGN_IDENTITY[sdk=iphoneos*]" = "iPhone Developer";
				COPY_PHASE_STRIP = NO;
				DEBUG_INFORMATION_FORMAT = dwarf;
				ENABLE_STRICT_OBJC_MSGSEND = YES;
				ENABLE_TESTABILITY = YES;
				GCC_C_LANGUAGE_STANDARD = gnu99;
				GCC_DYNAMIC_NO_PIC = NO;
				GCC_NO_COMMON_BLOCKS = YES;
				GCC_OPTIMIZATION_LEVEL = 0;
				GCC_PREPROCESSOR_DEFINITIONS = (
					"DEBUG=1",
					"$(inherited)",
				);
				GCC_WARN_64_TO_32_BIT_CONVERSION = YES;
				GCC_WARN_ABOUT_RETURN_TYPE = YES_ERROR;
				GCC_WARN_UNDECLARED_SELECTOR = YES;
				GCC_WARN_UNINITIALIZED_AUTOS = YES_AGGRESSIVE;
				GCC_WARN_UNUSED_FUNCTION = YES;
				GCC_WARN_UNUSED_VARIABLE = YES;
				IPHONEOS_DEPLOYMENT_TARGET = 9.2;
				MTL_ENABLE_DEBUG_INFO = YES;
				ONLY_ACTIVE_ARCH = YES;
				SDKROOT = iphoneos;
				SWIFT_OPTIMIZATION_LEVEL = "-Onone";
				TARGETED_DEVICE_FAMILY = "1,2";
			};
			name = Debug;
		};
		49ED87D61C2194A7007FEE6F /* Release */ = {
			isa = XCBuildConfiguration;
			buildSettings = {
				ALWAYS_SEARCH_USER_PATHS = NO;
				CLANG_CXX_LANGUAGE_STANDARD = "gnu++0x";
				CLANG_CXX_LIBRARY = "libc++";
				CLANG_ENABLE_MODULES = YES;
				CLANG_ENABLE_OBJC_ARC = YES;
				CLANG_WARN_BOOL_CONVERSION = YES;
				CLANG_WARN_CONSTANT_CONVERSION = YES;
				CLANG_WARN_DIRECT_OBJC_ISA_USAGE = YES_ERROR;
				CLANG_WARN_EMPTY_BODY = YES;
				CLANG_WARN_ENUM_CONVERSION = YES;
				CLANG_WARN_INT_CONVERSION = YES;
				CLANG_WARN_OBJC_ROOT_CLASS = YES_ERROR;
				CLANG_WARN_UNREACHABLE_CODE = YES;
				CLANG_WARN__DUPLICATE_METHOD_MATCH = YES;
				"CODE_SIGN_IDENTITY[sdk=iphoneos*]" = "iPhone Developer";
				COPY_PHASE_STRIP = NO;
				DEBUG_INFORMATION_FORMAT = "dwarf-with-dsym";
				ENABLE_NS_ASSERTIONS = NO;
				ENABLE_STRICT_OBJC_MSGSEND = YES;
				GCC_C_LANGUAGE_STANDARD = gnu99;
				GCC_NO_COMMON_BLOCKS = YES;
				GCC_WARN_64_TO_32_BIT_CONVERSION = YES;
				GCC_WARN_ABOUT_RETURN_TYPE = YES_ERROR;
				GCC_WARN_UNDECLARED_SELECTOR = YES;
				GCC_WARN_UNINITIALIZED_AUTOS = YES_AGGRESSIVE;
				GCC_WARN_UNUSED_FUNCTION = YES;
				GCC_WARN_UNUSED_VARIABLE = YES;
				IPHONEOS_DEPLOYMENT_TARGET = 9.2;
				MTL_ENABLE_DEBUG_INFO = NO;
				SDKROOT = iphoneos;
				TARGETED_DEVICE_FAMILY = "1,2";
				VALIDATE_PRODUCT = YES;
			};
			name = Release;
		};
		49ED87D81C2194A7007FEE6F /* Debug */ = {
			isa = XCBuildConfiguration;
			buildSettings = {
				ASSETCATALOG_COMPILER_APPICON_NAME = AppIcon;
				INFOPLIST_FILE = DrawingBoard/Info.plist;
				LD_RUNPATH_SEARCH_PATHS = "$(inherited) @executable_path/Frameworks";
				PRODUCT_BUNDLE_IDENTIFIER = VEEX.DrawingBoard;
				PRODUCT_NAME = "$(TARGET_NAME)";
			};
			name = Debug;
		};
		49ED87D91C2194A7007FEE6F /* Release */ = {
			isa = XCBuildConfiguration;
			buildSettings = {
				ASSETCATALOG_COMPILER_APPICON_NAME = AppIcon;
				INFOPLIST_FILE = DrawingBoard/Info.plist;
				LD_RUNPATH_SEARCH_PATHS = "$(inherited) @executable_path/Frameworks";
				PRODUCT_BUNDLE_IDENTIFIER = VEEX.DrawingBoard;
				PRODUCT_NAME = "$(TARGET_NAME)";
			};
			name = Release;
		};
/* End XCBuildConfiguration section */

/* Begin XCConfigurationList section */
		49ED87C01C2194A7007FEE6F /* Build configuration list for PBXProject "DrawingBoard" */ = {
			isa = XCConfigurationList;
			buildConfigurations = (
				49ED87D51C2194A7007FEE6F /* Debug */,
				49ED87D61C2194A7007FEE6F /* Release */,
			);
			defaultConfigurationIsVisible = 0;
			defaultConfigurationName = Release;
		};
		49ED87D71C2194A7007FEE6F /* Build configuration list for PBXNativeTarget "DrawingBoard" */ = {
			isa = XCConfigurationList;
			buildConfigurations = (
				49ED87D81C2194A7007FEE6F /* Debug */,
				49ED87D91C2194A7007FEE6F /* Release */,
			);
			defaultConfigurationIsVisible = 0;
			defaultConfigurationName = Release;
		};
/* End XCConfigurationList section */
	};
	rootObject = 49ED87BD1C2194A7007FEE6F /* Project object */;
}
